
Microsoft Visual Studio Solution File, Format Version 12.00
# Visual Studio Version 17
VisualStudioVersion = 17.3.32901.215
MinimumVisualStudioVersion = 10.0.40219.1
Project("{FAE04EC0-301F-11D3-BF4B-00C04F79EFBC}") = "Mario_hoteles", "Mario_hoteles\Mario_hoteles.csproj", "{DAC4432C-8386-4D8A-9DBA-87603744FFC2}"
EndProject
Global
	GlobalSection(SolutionConfigurationPlatforms) = preSolution
		Debug|Any CPU = Debug|Any CPU
		Release|Any CPU = Release|Any CPU
	EndGlobalSection
	GlobalSection(ProjectConfigurationPlatforms) = postSolution
		{DAC4432C-8386-4D8A-9DBA-87603744FFC2}.Debug|Any CPU.ActiveCfg = Debug|Any CPU
		{DAC4432C-8386-4D8A-9DBA-87603744FFC2}.Debug|Any CPU.Build.0 = Debug|Any CPU
		{DAC4432C-8386-4D8A-9DBA-87603744FFC2}.Release|Any CPU.ActiveCfg = Release|Any CPU
		{DAC4432C-8386-4D8A-9DBA-87603744FFC2}.Release|Any CPU.Build.0 = Release|Any CPU
	EndGlobalSection
	GlobalSection(SolutionProperties) = preSolution
		HideSolutionNode = FALSE
	EndGlobalSection
	GlobalSection(ExtensibilityGlobals) = postSolution
		SolutionGuid = {4FF5CE4F-9959-4D46-9B7E-2CFCEB02638A}
	EndGlobalSection
EndGlobal
